
Microsoft Visual Studio Solution File, Format Version 12.00
# Visual Studio Version 17
VisualStudioVersion = 17.9.34714.143
MinimumVisualStudioVersion = 10.0.40219.1
Project("{FAE04EC0-301F-11D3-BF4B-00C04F79EFBC}") = "MySnipItTool", "MySnipItTool\MySnipItTool.csproj", "{6DF52F77-286F-4CCA-9920-FDA5E31C9260}"
EndProject
Project("{FAE04EC0-301F-11D3-BF4B-00C04F79EFBC}") = "DrawingShapesLibrary", "DrawingShapesLibrary\DrawingShapesLibrary.csproj", "{942B9F1C-0EBA-4C1F-832B-F61884A06BA7}"
EndProject
Global
	GlobalSection(SolutionConfigurationPlatforms) = preSolution
		Debug|Any CPU = Debug|Any CPU
		Debug|x86 = Debug|x86
		Release|Any CPU = Release|Any CPU
		Release|x86 = Release|x86
	EndGlobalSection
	GlobalSection(ProjectConfigurationPlatforms) = postSolution
		{6DF52F77-286F-4CCA-9920-FDA5E31C9260}.Debug|Any CPU.ActiveCfg = Debug|Any CPU
		{6DF52F77-286F-4CCA-9920-FDA5E31C9260}.Debug|Any CPU.Build.0 = Debug|Any CPU
		{6DF52F77-286F-4CCA-9920-FDA5E31C9260}.Debug|x86.ActiveCfg = Debug|Any CPU
		{6DF52F77-286F-4CCA-9920-FDA5E31C9260}.Debug|x86.Build.0 = Debug|Any CPU
		{6DF52F77-286F-4CCA-9920-FDA5E31C9260}.Release|Any CPU.ActiveCfg = Release|Any CPU
		{6DF52F77-286F-4CCA-9920-FDA5E31C9260}.Release|Any CPU.Build.0 = Release|Any CPU
		{6DF52F77-286F-4CCA-9920-FDA5E31C9260}.Release|x86.ActiveCfg = Release|Any CPU
		{6DF52F77-286F-4CCA-9920-FDA5E31C9260}.Release|x86.Build.0 = Release|Any CPU
		{942B9F1C-0EBA-4C1F-832B-F61884A06BA7}.Debug|Any CPU.ActiveCfg = Debug|Any CPU
		{942B9F1C-0EBA-4C1F-832B-F61884A06BA7}.Debug|Any CPU.Build.0 = Debug|Any CPU
		{942B9F1C-0EBA-4C1F-832B-F61884A06BA7}.Debug|x86.ActiveCfg = Debug|Any CPU
		{942B9F1C-0EBA-4C1F-832B-F61884A06BA7}.Debug|x86.Build.0 = Debug|Any CPU
		{942B9F1C-0EBA-4C1F-832B-F61884A06BA7}.Release|Any CPU.ActiveCfg = Release|Any CPU
		{942B9F1C-0EBA-4C1F-832B-F61884A06BA7}.Release|Any CPU.Build.0 = Release|Any CPU
		{942B9F1C-0EBA-4C1F-832B-F61884A06BA7}.Release|x86.ActiveCfg = Release|Any CPU
		{942B9F1C-0EBA-4C1F-832B-F61884A06BA7}.Release|x86.Build.0 = Release|Any CPU
	EndGlobalSection
	GlobalSection(SolutionProperties) = preSolution
		HideSolutionNode = FALSE
	EndGlobalSection
	GlobalSection(ExtensibilityGlobals) = postSolution
		SolutionGuid = {7F26BC1A-DF62-4DFB-95A3-B96B7E73931F}
	EndGlobalSection
EndGlobal
